
Microsoft Visual Studio Solution File, Format Version 12.00
Project("{FAE04EC0-301F-11D3-BF4B-00C04F79EFBC}") = "patterns", "patterns\patterns.csproj", "{1A58E705-B7D3-40BB-BFDC-6AC2C247D592}"
EndProject
Project("{FAE04EC0-301F-11D3-BF4B-00C04F79EFBC}") = "patterns.library", "patterns.library\patterns.library.csproj", "{7717F1C7-8A6F-46A0-BEE2-A91E79D90D7C}"
EndProject
Global
	GlobalSection(SolutionConfigurationPlatforms) = preSolution
		Debug|Any CPU = Debug|Any CPU
		Release|Any CPU = Release|Any CPU
	EndGlobalSection
	GlobalSection(ProjectConfigurationPlatforms) = postSolution
		{1A58E705-B7D3-40BB-BFDC-6AC2C247D592}.Debug|Any CPU.ActiveCfg = Debug|Any CPU
		{1A58E705-B7D3-40BB-BFDC-6AC2C247D592}.Debug|Any CPU.Build.0 = Debug|Any CPU
		{1A58E705-B7D3-40BB-BFDC-6AC2C247D592}.Release|Any CPU.ActiveCfg = Release|Any CPU
		{1A58E705-B7D3-40BB-BFDC-6AC2C247D592}.Release|Any CPU.Build.0 = Release|Any CPU
		{7717F1C7-8A6F-46A0-BEE2-A91E79D90D7C}.Debug|Any CPU.ActiveCfg = Debug|Any CPU
		{7717F1C7-8A6F-46A0-BEE2-A91E79D90D7C}.Debug|Any CPU.Build.0 = Debug|Any CPU
		{7717F1C7-8A6F-46A0-BEE2-A91E79D90D7C}.Release|Any CPU.ActiveCfg = Release|Any CPU
		{7717F1C7-8A6F-46A0-BEE2-A91E79D90D7C}.Release|Any CPU.Build.0 = Release|Any CPU
	EndGlobalSection
EndGlobal
